
Microsoft Visual Studio Solution File, Format Version 12.00
# Visual Studio Version 17
VisualStudioVersion = 17.14.36511.14 d17.14
MinimumVisualStudioVersion = 10.0.40219.1
Project("{FAE04EC0-301F-11D3-BF4B-00C04F79EFBC}") = "PEAKGYMM", "PEAKGYMM.csproj", "{C697539F-4F09-4ECC-B1F3-4F4DE5B685F5}"
EndProject
Global
	GlobalSection(SolutionConfigurationPlatforms) = preSolution
		Debug|Any CPU = Debug|Any CPU
		Release|Any CPU = Release|Any CPU
	EndGlobalSection
	GlobalSection(ProjectConfigurationPlatforms) = postSolution
		{C697539F-4F09-4ECC-B1F3-4F4DE5B685F5}.Debug|Any CPU.ActiveCfg = Debug|Any CPU
		{C697539F-4F09-4ECC-B1F3-4F4DE5B685F5}.Debug|Any CPU.Build.0 = Debug|Any CPU
		{C697539F-4F09-4ECC-B1F3-4F4DE5B685F5}.Release|Any CPU.ActiveCfg = Release|Any CPU
		{C697539F-4F09-4ECC-B1F3-4F4DE5B685F5}.Release|Any CPU.Build.0 = Release|Any CPU
	EndGlobalSection
	GlobalSection(SolutionProperties) = preSolution
		HideSolutionNode = FALSE
	EndGlobalSection
	GlobalSection(ExtensibilityGlobals) = postSolution
		SolutionGuid = {2F462407-1A39-4C9B-8A07-FE460F5D5193}
	EndGlobalSection
EndGlobal
